// !$*UTF8*$!
{
	archiveVersion = 1;
	classes = {
	};
	objectVersion = 55;
	objects = {

/* Begin PBXBuildFile section */
		8C69410D2844DF9E005E64F9 /* ErrorScreen.swift in Sources */ = {isa = PBXBuildFile; fileRef = 8C69410C2844DF9E005E64F9 /* ErrorScreen.swift */; };
		8C69410F2844E05F005E64F9 /* View+Padding.swift in Sources */ = {isa = PBXBuildFile; fileRef = 8C69410E2844E05F005E64F9 /* View+Padding.swift */; };
		8C6941172844E3C2005E64F9 /* HomeCoordinator.swift in Sources */ = {isa = PBXBuildFile; fileRef = 8C6941162844E3C2005E64F9 /* HomeCoordinator.swift */; };
		8C6941192844E3F3005E64F9 /* TrainingsCoordinator.swift in Sources */ = {isa = PBXBuildFile; fileRef = 8C6941182844E3F3005E64F9 /* TrainingsCoordinator.swift */; };
		8C69411D2844E59D005E64F9 /* TypeAliases.swift in Sources */ = {isa = PBXBuildFile; fileRef = 8C69411C2844E59D005E64F9 /* TypeAliases.swift */; };
		8C9684D72853D0270070C6E2 /* ProfileCoordinator.swift in Sources */ = {isa = PBXBuildFile; fileRef = 8C9684D62853D0270070C6E2 /* ProfileCoordinator.swift */; };
		8C9684DB2853D11B0070C6E2 /* Localizable.strings in Resources */ = {isa = PBXBuildFile; fileRef = 8C9684DD2853D11B0070C6E2 /* Localizable.strings */; };
		8C9684DF2853D1330070C6E2 /* Localizable.swift in Sources */ = {isa = PBXBuildFile; fileRef = 8C9684DE2853D1330070C6E2 /* Localizable.swift */; };
		8C9684E12853D1D10070C6E2 /* Language.swift in Sources */ = {isa = PBXBuildFile; fileRef = 8C9684E02853D1D10070C6E2 /* Language.swift */; };
		8C9684E62853D33F0070C6E2 /* LoginViewModel.swift in Sources */ = {isa = PBXBuildFile; fileRef = 8C9684E52853D33F0070C6E2 /* LoginViewModel.swift */; };
		8C9684E82853D35B0070C6E2 /* LoginView.swift in Sources */ = {isa = PBXBuildFile; fileRef = 8C9684E72853D35B0070C6E2 /* LoginView.swift */; };
		8C9684ED2853DD280070C6E2 /* RegisterView.swift in Sources */ = {isa = PBXBuildFile; fileRef = 8C9684EC2853DD280070C6E2 /* RegisterView.swift */; };
		8C9684EF2853DD320070C6E2 /* RegisterViewModel.swift in Sources */ = {isa = PBXBuildFile; fileRef = 8C9684EE2853DD320070C6E2 /* RegisterViewModel.swift */; };
		8C9684F12853DE520070C6E2 /* PasswordField.swift in Sources */ = {isa = PBXBuildFile; fileRef = 8C9684F02853DE520070C6E2 /* PasswordField.swift */; };
		8C9684F328548AAC0070C6E2 /* View+Utils.swift in Sources */ = {isa = PBXBuildFile; fileRef = 8C9684F228548AAC0070C6E2 /* View+Utils.swift */; };
		8C9684F528548B4C0070C6E2 /* Utils.swift in Sources */ = {isa = PBXBuildFile; fileRef = 8C9684F428548B4B0070C6E2 /* Utils.swift */; };
		8CE6C0B4283D63490037BB6E /* SwimPalApp.swift in Sources */ = {isa = PBXBuildFile; fileRef = 8CE6C0B3283D63490037BB6E /* SwimPalApp.swift */; };
		8CE6C0B6283D63490037BB6E /* RootCoordinator.swift in Sources */ = {isa = PBXBuildFile; fileRef = 8CE6C0B5283D63490037BB6E /* RootCoordinator.swift */; };
		8CE6C0B8283D634A0037BB6E /* Assets.xcassets in Resources */ = {isa = PBXBuildFile; fileRef = 8CE6C0B7283D634A0037BB6E /* Assets.xcassets */; };
		8CE6C0CA283D64E00037BB6E /* DependencyContainer.swift in Sources */ = {isa = PBXBuildFile; fileRef = 8CE6C0C9283D64E00037BB6E /* DependencyContainer.swift */; };
		8CE6C0CC283D65080037BB6E /* DependencyPropertyWrapper.swift in Sources */ = {isa = PBXBuildFile; fileRef = 8CE6C0CB283D65080037BB6E /* DependencyPropertyWrapper.swift */; };
		8CE6C0D0283D659C0037BB6E /* PersistenceServiceProtocol.swift in Sources */ = {isa = PBXBuildFile; fileRef = 8CE6C0CF283D659C0037BB6E /* PersistenceServiceProtocol.swift */; };
		8CE6C0D3283D65D30037BB6E /* UserData.swift in Sources */ = {isa = PBXBuildFile; fileRef = 8CE6C0D2283D65D30037BB6E /* UserData.swift */; };
		8CE6C0D5283D660D0037BB6E /* PersistenceService.swift in Sources */ = {isa = PBXBuildFile; fileRef = 8CE6C0D4283D660D0037BB6E /* PersistenceService.swift */; };
		8CE6C0D7283D663E0037BB6E /* UserDefaults+.swift in Sources */ = {isa = PBXBuildFile; fileRef = 8CE6C0D6283D663E0037BB6E /* UserDefaults+.swift */; };
		8CE6C0D9283D66530037BB6E /* PersistenceKey.swift in Sources */ = {isa = PBXBuildFile; fileRef = 8CE6C0D8283D66530037BB6E /* PersistenceKey.swift */; };
		8CE6C0DD283D67C40037BB6E /* AuthorizationCoordinator.swift in Sources */ = {isa = PBXBuildFile; fileRef = 8CE6C0DC283D67C40037BB6E /* AuthorizationCoordinator.swift */; };
		8CE6C0DF283D68BD0037BB6E /* OnboardingCoordinator.swift in Sources */ = {isa = PBXBuildFile; fileRef = 8CE6C0DE283D68BD0037BB6E /* OnboardingCoordinator.swift */; };
		8CE6C0E1283D68F90037BB6E /* MainCoordinator.swift in Sources */ = {isa = PBXBuildFile; fileRef = 8CE6C0E0283D68F90037BB6E /* MainCoordinator.swift */; };
		8CFD3DBF2849437900C684B4 /* ProfileView.swift in Sources */ = {isa = PBXBuildFile; fileRef = 8CFD3DBE2849437900C684B4 /* ProfileView.swift */; };
		8CFD3DC3284943A300C684B4 /* ProfileVIewModel.swift in Sources */ = {isa = PBXBuildFile; fileRef = 8CFD3DC2284943A300C684B4 /* ProfileVIewModel.swift */; };
		8CFD3DC72849442900C684B4 /* TrainingsView.swift in Sources */ = {isa = PBXBuildFile; fileRef = 8CFD3DC62849442900C684B4 /* TrainingsView.swift */; };
		8CFD3DC92849443200C684B4 /* TrainingsViewModel.swift in Sources */ = {isa = PBXBuildFile; fileRef = 8CFD3DC82849443200C684B4 /* TrainingsViewModel.swift */; };
		8CFD3DCB2849449C00C684B4 /* HomeViewModel.swift in Sources */ = {isa = PBXBuildFile; fileRef = 8CFD3DCA2849449C00C684B4 /* HomeViewModel.swift */; };
		8CFD3DCF284944BB00C684B4 /* HomeView.swift in Sources */ = {isa = PBXBuildFile; fileRef = 8CFD3DCE284944BB00C684B4 /* HomeView.swift */; };
		8CFD3DD1284946BB00C684B4 /* LazyView.swift in Sources */ = {isa = PBXBuildFile; fileRef = 8CFD3DD0284946BB00C684B4 /* LazyView.swift */; };
		8CFD3DD3284946FD00C684B4 /* View+Navigation.swift in Sources */ = {isa = PBXBuildFile; fileRef = 8CFD3DD2284946FD00C684B4 /* View+Navigation.swift */; };
		8CFD3DD5284948DD00C684B4 /* AppDelegate.swift in Sources */ = {isa = PBXBuildFile; fileRef = 8CFD3DD4284948DD00C684B4 /* AppDelegate.swift */; };
/* End PBXBuildFile section */

/* Begin PBXFileReference section */
		8C69410C2844DF9E005E64F9 /* ErrorScreen.swift */ = {isa = PBXFileReference; lastKnownFileType = sourcecode.swift; path = ErrorScreen.swift; sourceTree = "<group>"; };
		8C69410E2844E05F005E64F9 /* View+Padding.swift */ = {isa = PBXFileReference; lastKnownFileType = sourcecode.swift; path = "View+Padding.swift"; sourceTree = "<group>"; };
		8C6941162844E3C2005E64F9 /* HomeCoordinator.swift */ = {isa = PBXFileReference; lastKnownFileType = sourcecode.swift; path = HomeCoordinator.swift; sourceTree = "<group>"; };
		8C6941182844E3F3005E64F9 /* TrainingsCoordinator.swift */ = {isa = PBXFileReference; lastKnownFileType = sourcecode.swift; path = TrainingsCoordinator.swift; sourceTree = "<group>"; };
		8C69411C2844E59D005E64F9 /* TypeAliases.swift */ = {isa = PBXFileReference; lastKnownFileType = sourcecode.swift; path = TypeAliases.swift; sourceTree = "<group>"; };
		8C9684D62853D0270070C6E2 /* ProfileCoordinator.swift */ = {isa = PBXFileReference; lastKnownFileType = sourcecode.swift; path = ProfileCoordinator.swift; sourceTree = "<group>"; };
		8C9684DC2853D11B0070C6E2 /* en */ = {isa = PBXFileReference; lastKnownFileType = text.plist.strings; name = en; path = en.lproj/Localizable.strings; sourceTree = "<group>"; };
		8C9684DE2853D1330070C6E2 /* Localizable.swift */ = {isa = PBXFileReference; lastKnownFileType = sourcecode.swift; path = Localizable.swift; sourceTree = "<group>"; };
		8C9684E02853D1D10070C6E2 /* Language.swift */ = {isa = PBXFileReference; lastKnownFileType = sourcecode.swift; path = Language.swift; sourceTree = "<group>"; };
		8C9684E52853D33F0070C6E2 /* LoginViewModel.swift */ = {isa = PBXFileReference; lastKnownFileType = sourcecode.swift; path = LoginViewModel.swift; sourceTree = "<group>"; };
		8C9684E72853D35B0070C6E2 /* LoginView.swift */ = {isa = PBXFileReference; lastKnownFileType = sourcecode.swift; path = LoginView.swift; sourceTree = "<group>"; };
		8C9684EC2853DD280070C6E2 /* RegisterView.swift */ = {isa = PBXFileReference; lastKnownFileType = sourcecode.swift; path = RegisterView.swift; sourceTree = "<group>"; };
		8C9684EE2853DD320070C6E2 /* RegisterViewModel.swift */ = {isa = PBXFileReference; lastKnownFileType = sourcecode.swift; path = RegisterViewModel.swift; sourceTree = "<group>"; };
		8C9684F02853DE520070C6E2 /* PasswordField.swift */ = {isa = PBXFileReference; lastKnownFileType = sourcecode.swift; path = PasswordField.swift; sourceTree = "<group>"; };
		8C9684F228548AAC0070C6E2 /* View+Utils.swift */ = {isa = PBXFileReference; lastKnownFileType = sourcecode.swift; path = "View+Utils.swift"; sourceTree = "<group>"; };
		8C9684F428548B4B0070C6E2 /* Utils.swift */ = {isa = PBXFileReference; lastKnownFileType = sourcecode.swift; path = Utils.swift; sourceTree = "<group>"; };
		8CE6C0B0283D63490037BB6E /* SwimPal.app */ = {isa = PBXFileReference; explicitFileType = wrapper.application; includeInIndex = 0; path = SwimPal.app; sourceTree = BUILT_PRODUCTS_DIR; };
		8CE6C0B3283D63490037BB6E /* SwimPalApp.swift */ = {isa = PBXFileReference; lastKnownFileType = sourcecode.swift; path = SwimPalApp.swift; sourceTree = "<group>"; };
		8CE6C0B5283D63490037BB6E /* RootCoordinator.swift */ = {isa = PBXFileReference; lastKnownFileType = sourcecode.swift; path = RootCoordinator.swift; sourceTree = "<group>"; };
		8CE6C0B7283D634A0037BB6E /* Assets.xcassets */ = {isa = PBXFileReference; lastKnownFileType = folder.assetcatalog; path = Assets.xcassets; sourceTree = "<group>"; };
		8CE6C0C9283D64E00037BB6E /* DependencyContainer.swift */ = {isa = PBXFileReference; lastKnownFileType = sourcecode.swift; path = DependencyContainer.swift; sourceTree = "<group>"; };
		8CE6C0CB283D65080037BB6E /* DependencyPropertyWrapper.swift */ = {isa = PBXFileReference; lastKnownFileType = sourcecode.swift; path = DependencyPropertyWrapper.swift; sourceTree = "<group>"; };
		8CE6C0CF283D659C0037BB6E /* PersistenceServiceProtocol.swift */ = {isa = PBXFileReference; lastKnownFileType = sourcecode.swift; path = PersistenceServiceProtocol.swift; sourceTree = "<group>"; };
		8CE6C0D2283D65D30037BB6E /* UserData.swift */ = {isa = PBXFileReference; lastKnownFileType = sourcecode.swift; path = UserData.swift; sourceTree = "<group>"; };
		8CE6C0D4283D660D0037BB6E /* PersistenceService.swift */ = {isa = PBXFileReference; lastKnownFileType = sourcecode.swift; path = PersistenceService.swift; sourceTree = "<group>"; };
		8CE6C0D6283D663E0037BB6E /* UserDefaults+.swift */ = {isa = PBXFileReference; lastKnownFileType = sourcecode.swift; path = "UserDefaults+.swift"; sourceTree = "<group>"; };
		8CE6C0D8283D66530037BB6E /* PersistenceKey.swift */ = {isa = PBXFileReference; lastKnownFileType = sourcecode.swift; path = PersistenceKey.swift; sourceTree = "<group>"; };
		8CE6C0DC283D67C40037BB6E /* AuthorizationCoordinator.swift */ = {isa = PBXFileReference; lastKnownFileType = sourcecode.swift; path = AuthorizationCoordinator.swift; sourceTree = "<group>"; };
		8CE6C0DE283D68BD0037BB6E /* OnboardingCoordinator.swift */ = {isa = PBXFileReference; lastKnownFileType = sourcecode.swift; path = OnboardingCoordinator.swift; sourceTree = "<group>"; };
		8CE6C0E0283D68F90037BB6E /* MainCoordinator.swift */ = {isa = PBXFileReference; lastKnownFileType = sourcecode.swift; path = MainCoordinator.swift; sourceTree = "<group>"; };
		8CFD3DBE2849437900C684B4 /* ProfileView.swift */ = {isa = PBXFileReference; lastKnownFileType = sourcecode.swift; path = ProfileView.swift; sourceTree = "<group>"; };
		8CFD3DC2284943A300C684B4 /* ProfileVIewModel.swift */ = {isa = PBXFileReference; lastKnownFileType = sourcecode.swift; path = ProfileVIewModel.swift; sourceTree = "<group>"; };
		8CFD3DC62849442900C684B4 /* TrainingsView.swift */ = {isa = PBXFileReference; lastKnownFileType = sourcecode.swift; path = TrainingsView.swift; sourceTree = "<group>"; };
		8CFD3DC82849443200C684B4 /* TrainingsViewModel.swift */ = {isa = PBXFileReference; lastKnownFileType = sourcecode.swift; path = TrainingsViewModel.swift; sourceTree = "<group>"; };
		8CFD3DCA2849449C00C684B4 /* HomeViewModel.swift */ = {isa = PBXFileReference; lastKnownFileType = sourcecode.swift; path = HomeViewModel.swift; sourceTree = "<group>"; };
		8CFD3DCE284944BB00C684B4 /* HomeView.swift */ = {isa = PBXFileReference; lastKnownFileType = sourcecode.swift; path = HomeView.swift; sourceTree = "<group>"; };
		8CFD3DD0284946BB00C684B4 /* LazyView.swift */ = {isa = PBXFileReference; lastKnownFileType = sourcecode.swift; path = LazyView.swift; sourceTree = "<group>"; };
		8CFD3DD2284946FD00C684B4 /* View+Navigation.swift */ = {isa = PBXFileReference; lastKnownFileType = sourcecode.swift; path = "View+Navigation.swift"; sourceTree = "<group>"; };
		8CFD3DD4284948DD00C684B4 /* AppDelegate.swift */ = {isa = PBXFileReference; lastKnownFileType = sourcecode.swift; path = AppDelegate.swift; sourceTree = "<group>"; };
/* End PBXFileReference section */

/* Begin PBXFrameworksBuildPhase section */
		8CE6C0AD283D63490037BB6E /* Frameworks */ = {
			isa = PBXFrameworksBuildPhase;
			buildActionMask = 2147483647;
			files = (
			);
			runOnlyForDeploymentPostprocessing = 0;
		};
/* End PBXFrameworksBuildPhase section */

/* Begin PBXGroup section */
		8C69410B2844DF92005E64F9 /* Common */ = {
			isa = PBXGroup;
			children = (
				8C69410C2844DF9E005E64F9 /* ErrorScreen.swift */,
				8C9684F02853DE520070C6E2 /* PasswordField.swift */,
			);
			path = Common;
			sourceTree = "<group>";
		};
		8C6941102844E383005E64F9 /* Authorization */ = {
			isa = PBXGroup;
			children = (
				8CE6C0DC283D67C40037BB6E /* AuthorizationCoordinator.swift */,
				8C9684E22853D3320070C6E2 /* Login */,
				8C9684E92853DD030070C6E2 /* Register */,
			);
			path = Authorization;
			sourceTree = "<group>";
		};
		8C6941112844E38F005E64F9 /* Onboarding */ = {
			isa = PBXGroup;
			children = (
				8CE6C0DE283D68BD0037BB6E /* OnboardingCoordinator.swift */,
			);
			path = Onboarding;
			sourceTree = "<group>";
		};
		8C6941122844E399005E64F9 /* Main */ = {
			isa = PBXGroup;
			children = (
				8CE6C0E0283D68F90037BB6E /* MainCoordinator.swift */,
				8C6941132844E3A2005E64F9 /* Home */,
				8C6941142844E3A6005E64F9 /* Trainings */,
				8C6941152844E3AB005E64F9 /* Profile */,
			);
			path = Main;
			sourceTree = "<group>";
		};
		8C6941132844E3A2005E64F9 /* Home */ = {
			isa = PBXGroup;
			children = (
				8C6941162844E3C2005E64F9 /* HomeCoordinator.swift */,
				8CFD3DCE284944BB00C684B4 /* HomeView.swift */,
				8CFD3DCA2849449C00C684B4 /* HomeViewModel.swift */,
			);
			path = Home;
			sourceTree = "<group>";
		};
		8C6941142844E3A6005E64F9 /* Trainings */ = {
			isa = PBXGroup;
			children = (
				8C6941182844E3F3005E64F9 /* TrainingsCoordinator.swift */,
				8CFD3DC62849442900C684B4 /* TrainingsView.swift */,
				8CFD3DC82849443200C684B4 /* TrainingsViewModel.swift */,
			);
			path = Trainings;
			sourceTree = "<group>";
		};
		8C6941152844E3AB005E64F9 /* Profile */ = {
			isa = PBXGroup;
			children = (
				8CFD3DBE2849437900C684B4 /* ProfileView.swift */,
				8CFD3DC2284943A300C684B4 /* ProfileVIewModel.swift */,
				8C9684D62853D0270070C6E2 /* ProfileCoordinator.swift */,
			);
			path = Profile;
			sourceTree = "<group>";
		};
		8C9684D82853D1050070C6E2 /* Localizable */ = {
			isa = PBXGroup;
			children = (
				8C9684DE2853D1330070C6E2 /* Localizable.swift */,
				8C9684DD2853D11B0070C6E2 /* Localizable.strings */,
			);
			path = Localizable;
			sourceTree = "<group>";
		};
		8C9684E22853D3320070C6E2 /* Login */ = {
			isa = PBXGroup;
			children = (
				8C9684E72853D35B0070C6E2 /* LoginView.swift */,
				8C9684E52853D33F0070C6E2 /* LoginViewModel.swift */,
			);
			path = Login;
			sourceTree = "<group>";
		};
		8C9684E92853DD030070C6E2 /* Register */ = {
			isa = PBXGroup;
			children = (
				8C9684EC2853DD280070C6E2 /* RegisterView.swift */,
				8C9684EE2853DD320070C6E2 /* RegisterViewModel.swift */,
			);
			path = Register;
			sourceTree = "<group>";
		};
		8CE6C0A7283D63480037BB6E = {
			isa = PBXGroup;
			children = (
				8CE6C0B2283D63490037BB6E /* SwimPal */,
				8CE6C0B1283D63490037BB6E /* Products */,
			);
			sourceTree = "<group>";
		};
		8CE6C0B1283D63490037BB6E /* Products */ = {
			isa = PBXGroup;
			children = (
				8CE6C0B0283D63490037BB6E /* SwimPal.app */,
			);
			name = Products;
			sourceTree = "<group>";
		};
		8CE6C0B2283D63490037BB6E /* SwimPal */ = {
			isa = PBXGroup;
			children = (
				8CE6C0B3283D63490037BB6E /* SwimPalApp.swift */,
				8CFD3DD4284948DD00C684B4 /* AppDelegate.swift */,
				8CE6C0C3283D64560037BB6E /* Services */,
				8CE6C0C2283D64540037BB6E /* UI */,
				8CE6C0C4283D64700037BB6E /* Utils */,
				8CE6C0CD283D65360037BB6E /* Resources */,
			);
			path = SwimPal;
			sourceTree = "<group>";
		};
		8CE6C0C1283D64510037BB6E /* Extensions */ = {
			isa = PBXGroup;
			children = (
				8CE6C0C5283D64760037BB6E /* Foundation */,
				8CE6C0C6283D64790037BB6E /* UIKit */,
				8CE6C0C7283D647D0037BB6E /* SwiftUI */,
			);
			path = Extensions;
			sourceTree = "<group>";
		};
		8CE6C0C2283D64540037BB6E /* UI */ = {
			isa = PBXGroup;
			children = (
				8C69410B2844DF92005E64F9 /* Common */,
				8CE6C0B5283D63490037BB6E /* RootCoordinator.swift */,
				8C6941112844E38F005E64F9 /* Onboarding */,
				8C6941102844E383005E64F9 /* Authorization */,
				8C6941122844E399005E64F9 /* Main */,
			);
			path = UI;
			sourceTree = "<group>";
		};
		8CE6C0C3283D64560037BB6E /* Services */ = {
			isa = PBXGroup;
			children = (
				8CE6C0CE283D65910037BB6E /* Persistence */,
			);
			path = Services;
			sourceTree = "<group>";
		};
		8CE6C0C4283D64700037BB6E /* Utils */ = {
			isa = PBXGroup;
			children = (
				8CFD3DD0284946BB00C684B4 /* LazyView.swift */,
				8C69411C2844E59D005E64F9 /* TypeAliases.swift */,
				8CE6C0C8283D64C50037BB6E /* Dependency Injection */,
				8CE6C0C1283D64510037BB6E /* Extensions */,
				8C9684F428548B4B0070C6E2 /* Utils.swift */,
			);
			path = Utils;
			sourceTree = "<group>";
		};
		8CE6C0C5283D64760037BB6E /* Foundation */ = {
			isa = PBXGroup;
			children = (
				8CE6C0D6283D663E0037BB6E /* UserDefaults+.swift */,
			);
			path = Foundation;
			sourceTree = "<group>";
		};
		8CE6C0C6283D64790037BB6E /* UIKit */ = {
			isa = PBXGroup;
			children = (
			);
			path = UIKit;
			sourceTree = "<group>";
		};
		8CE6C0C7283D647D0037BB6E /* SwiftUI */ = {
			isa = PBXGroup;
			children = (
				8CFD3DD2284946FD00C684B4 /* View+Navigation.swift */,
				8C69410E2844E05F005E64F9 /* View+Padding.swift */,
				8C9684F228548AAC0070C6E2 /* View+Utils.swift */,
			);
			path = SwiftUI;
			sourceTree = "<group>";
		};
		8CE6C0C8283D64C50037BB6E /* Dependency Injection */ = {
			isa = PBXGroup;
			children = (
				8CE6C0C9283D64E00037BB6E /* DependencyContainer.swift */,
				8CE6C0CB283D65080037BB6E /* DependencyPropertyWrapper.swift */,
			);
			path = "Dependency Injection";
			sourceTree = "<group>";
		};
		8CE6C0CD283D65360037BB6E /* Resources */ = {
			isa = PBXGroup;
			children = (
				8C9684D82853D1050070C6E2 /* Localizable */,
				8CE6C0B7283D634A0037BB6E /* Assets.xcassets */,
			);
			path = Resources;
			sourceTree = "<group>";
		};
		8CE6C0CE283D65910037BB6E /* Persistence */ = {
			isa = PBXGroup;
			children = (
				8CE6C0D1283D65C90037BB6E /* Models */,
				8CE6C0CF283D659C0037BB6E /* PersistenceServiceProtocol.swift */,
				8CE6C0D4283D660D0037BB6E /* PersistenceService.swift */,
				8CE6C0D8283D66530037BB6E /* PersistenceKey.swift */,
			);
			path = Persistence;
			sourceTree = "<group>";
		};
		8CE6C0D1283D65C90037BB6E /* Models */ = {
			isa = PBXGroup;
			children = (
				8CE6C0D2283D65D30037BB6E /* UserData.swift */,
				8C9684E02853D1D10070C6E2 /* Language.swift */,
			);
			path = Models;
			sourceTree = "<group>";
		};
/* End PBXGroup section */

/* Begin PBXNativeTarget section */
		8CE6C0AF283D63490037BB6E /* SwimPal */ = {
			isa = PBXNativeTarget;
			buildConfigurationList = 8CE6C0BE283D634A0037BB6E /* Build configuration list for PBXNativeTarget "SwimPal" */;
			buildPhases = (
				8CE6C0AC283D63490037BB6E /* Sources */,
				8CE6C0AD283D63490037BB6E /* Frameworks */,
				8CE6C0AE283D63490037BB6E /* Resources */,
			);
			buildRules = (
			);
			dependencies = (
			);
			name = SwimPal;
			productName = SwimPal;
			productReference = 8CE6C0B0283D63490037BB6E /* SwimPal.app */;
			productType = "com.apple.product-type.application";
		};
/* End PBXNativeTarget section */

/* Begin PBXProject section */
		8CE6C0A8283D63480037BB6E /* Project object */ = {
			isa = PBXProject;
			attributes = {
				BuildIndependentTargetsInParallel = 1;
				LastSwiftUpdateCheck = 1340;
				LastUpgradeCheck = 1340;
				TargetAttributes = {
					8CE6C0AF283D63490037BB6E = {
						CreatedOnToolsVersion = 13.4;
					};
				};
			};
			buildConfigurationList = 8CE6C0AB283D63480037BB6E /* Build configuration list for PBXProject "SwimPal" */;
			compatibilityVersion = "Xcode 13.0";
			developmentRegion = en;
			hasScannedForEncodings = 0;
			knownRegions = (
				en,
				Base,
			);
			mainGroup = 8CE6C0A7283D63480037BB6E;
			productRefGroup = 8CE6C0B1283D63490037BB6E /* Products */;
			projectDirPath = "";
			projectRoot = "";
			targets = (
				8CE6C0AF283D63490037BB6E /* SwimPal */,
			);
		};
/* End PBXProject section */

/* Begin PBXResourcesBuildPhase section */
		8CE6C0AE283D63490037BB6E /* Resources */ = {
			isa = PBXResourcesBuildPhase;
			buildActionMask = 2147483647;
			files = (
				8CE6C0B8283D634A0037BB6E /* Assets.xcassets in Resources */,
				8C9684DB2853D11B0070C6E2 /* Localizable.strings in Resources */,
			);
			runOnlyForDeploymentPostprocessing = 0;
		};
/* End PBXResourcesBuildPhase section */

/* Begin PBXSourcesBuildPhase section */
		8CE6C0AC283D63490037BB6E /* Sources */ = {
			isa = PBXSourcesBuildPhase;
			buildActionMask = 2147483647;
			files = (
				8CE6C0D7283D663E0037BB6E /* UserDefaults+.swift in Sources */,
				8CE6C0D5283D660D0037BB6E /* PersistenceService.swift in Sources */,
				8C69410D2844DF9E005E64F9 /* ErrorScreen.swift in Sources */,
				8C9684E12853D1D10070C6E2 /* Language.swift in Sources */,
				8C9684F328548AAC0070C6E2 /* View+Utils.swift in Sources */,
				8C9684EF2853DD320070C6E2 /* RegisterViewModel.swift in Sources */,
				8CE6C0B6283D63490037BB6E /* RootCoordinator.swift in Sources */,
				8CFD3DCB2849449C00C684B4 /* HomeViewModel.swift in Sources */,
				8CFD3DD3284946FD00C684B4 /* View+Navigation.swift in Sources */,
				8C6941192844E3F3005E64F9 /* TrainingsCoordinator.swift in Sources */,
				8C9684F12853DE520070C6E2 /* PasswordField.swift in Sources */,
				8C9684F528548B4C0070C6E2 /* Utils.swift in Sources */,
				8C6941172844E3C2005E64F9 /* HomeCoordinator.swift in Sources */,
				8CE6C0D9283D66530037BB6E /* PersistenceKey.swift in Sources */,
				8CE6C0D0283D659C0037BB6E /* PersistenceServiceProtocol.swift in Sources */,
				8CFD3DC72849442900C684B4 /* TrainingsView.swift in Sources */,
				8C69410F2844E05F005E64F9 /* View+Padding.swift in Sources */,
				8C9684ED2853DD280070C6E2 /* RegisterView.swift in Sources */,
				8CE6C0E1283D68F90037BB6E /* MainCoordinator.swift in Sources */,
				8CE6C0DF283D68BD0037BB6E /* OnboardingCoordinator.swift in Sources */,
				8C69411D2844E59D005E64F9 /* TypeAliases.swift in Sources */,
				8CFD3DC92849443200C684B4 /* TrainingsViewModel.swift in Sources */,
				8C9684E62853D33F0070C6E2 /* LoginViewModel.swift in Sources */,
				8C9684D72853D0270070C6E2 /* ProfileCoordinator.swift in Sources */,
				8CE6C0CA283D64E00037BB6E /* DependencyContainer.swift in Sources */,
				8CE6C0DD283D67C40037BB6E /* AuthorizationCoordinator.swift in Sources */,
				8CE6C0B4283D63490037BB6E /* SwimPalApp.swift in Sources */,
				8C9684E82853D35B0070C6E2 /* LoginView.swift in Sources */,
				8CFD3DBF2849437900C684B4 /* ProfileView.swift in Sources */,
				8CFD3DD5284948DD00C684B4 /* AppDelegate.swift in Sources */,
				8C9684DF2853D1330070C6E2 /* Localizable.swift in Sources */,
				8CE6C0D3283D65D30037BB6E /* UserData.swift in Sources */,
				8CFD3DCF284944BB00C684B4 /* HomeView.swift in Sources */,
				8CFD3DC3284943A300C684B4 /* ProfileVIewModel.swift in Sources */,
				8CFD3DD1284946BB00C684B4 /* LazyView.swift in Sources */,
				8CE6C0CC283D65080037BB6E /* DependencyPropertyWrapper.swift in Sources */,
			);
			runOnlyForDeploymentPostprocessing = 0;
		};
/* End PBXSourcesBuildPhase section */

/* Begin PBXVariantGroup section */
		8C9684DD2853D11B0070C6E2 /* Localizable.strings */ = {
			isa = PBXVariantGroup;
			children = (
				8C9684DC2853D11B0070C6E2 /* en */,
			);
			name = Localizable.strings;
			sourceTree = "<group>";
		};
/* End PBXVariantGroup section */

/* Begin XCBuildConfiguration section */
		8CE6C0BC283D634A0037BB6E /* Debug */ = {
			isa = XCBuildConfiguration;
			buildSettings = {
				ALWAYS_SEARCH_USER_PATHS = NO;
				CLANG_ANALYZER_NONNULL = YES;
				CLANG_ANALYZER_NUMBER_OBJECT_CONVERSION = YES_AGGRESSIVE;
				CLANG_CXX_LANGUAGE_STANDARD = "gnu++17";
				CLANG_ENABLE_MODULES = YES;
				CLANG_ENABLE_OBJC_ARC = YES;
				CLANG_ENABLE_OBJC_WEAK = YES;
				CLANG_WARN_BLOCK_CAPTURE_AUTORELEASING = YES;
				CLANG_WARN_BOOL_CONVERSION = YES;
				CLANG_WARN_COMMA = YES;
				CLANG_WARN_CONSTANT_CONVERSION = YES;
				CLANG_WARN_DEPRECATED_OBJC_IMPLEMENTATIONS = YES;
				CLANG_WARN_DIRECT_OBJC_ISA_USAGE = YES_ERROR;
				CLANG_WARN_DOCUMENTATION_COMMENTS = YES;
				CLANG_WARN_EMPTY_BODY = YES;
				CLANG_WARN_ENUM_CONVERSION = YES;
				CLANG_WARN_INFINITE_RECURSION = YES;
				CLANG_WARN_INT_CONVERSION = YES;
				CLANG_WARN_NON_LITERAL_NULL_CONVERSION = YES;
				CLANG_WARN_OBJC_IMPLICIT_RETAIN_SELF = YES;
				CLANG_WARN_OBJC_LITERAL_CONVERSION = YES;
				CLANG_WARN_OBJC_ROOT_CLASS = YES_ERROR;
				CLANG_WARN_QUOTED_INCLUDE_IN_FRAMEWORK_HEADER = YES;
				CLANG_WARN_RANGE_LOOP_ANALYSIS = YES;
				CLANG_WARN_STRICT_PROTOTYPES = YES;
				CLANG_WARN_SUSPICIOUS_MOVE = YES;
				CLANG_WARN_UNGUARDED_AVAILABILITY = YES_AGGRESSIVE;
				CLANG_WARN_UNREACHABLE_CODE = YES;
				CLANG_WARN__DUPLICATE_METHOD_MATCH = YES;
				COPY_PHASE_STRIP = NO;
				DEBUG_INFORMATION_FORMAT = dwarf;
				ENABLE_STRICT_OBJC_MSGSEND = YES;
				ENABLE_TESTABILITY = YES;
				GCC_C_LANGUAGE_STANDARD = gnu11;
				GCC_DYNAMIC_NO_PIC = NO;
				GCC_NO_COMMON_BLOCKS = YES;
				GCC_OPTIMIZATION_LEVEL = 0;
				GCC_PREPROCESSOR_DEFINITIONS = (
					"DEBUG=1",
					"$(inherited)",
				);
				GCC_WARN_64_TO_32_BIT_CONVERSION = YES;
				GCC_WARN_ABOUT_RETURN_TYPE = YES_ERROR;
				GCC_WARN_UNDECLARED_SELECTOR = YES;
				GCC_WARN_UNINITIALIZED_AUTOS = YES_AGGRESSIVE;
				GCC_WARN_UNUSED_FUNCTION = YES;
				GCC_WARN_UNUSED_VARIABLE = YES;
				IPHONEOS_DEPLOYMENT_TARGET = 15.5;
				MTL_ENABLE_DEBUG_INFO = INCLUDE_SOURCE;
				MTL_FAST_MATH = YES;
				ONLY_ACTIVE_ARCH = YES;
				SDKROOT = iphoneos;
				SWIFT_ACTIVE_COMPILATION_CONDITIONS = DEBUG;
				SWIFT_OPTIMIZATION_LEVEL = "-Onone";
			};
			name = Debug;
		};
		8CE6C0BD283D634A0037BB6E /* Release */ = {
			isa = XCBuildConfiguration;
			buildSettings = {
				ALWAYS_SEARCH_USER_PATHS = NO;
				CLANG_ANALYZER_NONNULL = YES;
				CLANG_ANALYZER_NUMBER_OBJECT_CONVERSION = YES_AGGRESSIVE;
				CLANG_CXX_LANGUAGE_STANDARD = "gnu++17";
				CLANG_ENABLE_MODULES = YES;
				CLANG_ENABLE_OBJC_ARC = YES;
				CLANG_ENABLE_OBJC_WEAK = YES;
				CLANG_WARN_BLOCK_CAPTURE_AUTORELEASING = YES;
				CLANG_WARN_BOOL_CONVERSION = YES;
				CLANG_WARN_COMMA = YES;
				CLANG_WARN_CONSTANT_CONVERSION = YES;
				CLANG_WARN_DEPRECATED_OBJC_IMPLEMENTATIONS = YES;
				CLANG_WARN_DIRECT_OBJC_ISA_USAGE = YES_ERROR;
				CLANG_WARN_DOCUMENTATION_COMMENTS = YES;
				CLANG_WARN_EMPTY_BODY = YES;
				CLANG_WARN_ENUM_CONVERSION = YES;
				CLANG_WARN_INFINITE_RECURSION = YES;
				CLANG_WARN_INT_CONVERSION = YES;
				CLANG_WARN_NON_LITERAL_NULL_CONVERSION = YES;
				CLANG_WARN_OBJC_IMPLICIT_RETAIN_SELF = YES;
				CLANG_WARN_OBJC_LITERAL_CONVERSION = YES;
				CLANG_WARN_OBJC_ROOT_CLASS = YES_ERROR;
				CLANG_WARN_QUOTED_INCLUDE_IN_FRAMEWORK_HEADER = YES;
				CLANG_WARN_RANGE_LOOP_ANALYSIS = YES;
				CLANG_WARN_STRICT_PROTOTYPES = YES;
				CLANG_WARN_SUSPICIOUS_MOVE = YES;
				CLANG_WARN_UNGUARDED_AVAILABILITY = YES_AGGRESSIVE;
				CLANG_WARN_UNREACHABLE_CODE = YES;
				CLANG_WARN__DUPLICATE_METHOD_MATCH = YES;
				COPY_PHASE_STRIP = NO;
				DEBUG_INFORMATION_FORMAT = "dwarf-with-dsym";
				ENABLE_NS_ASSERTIONS = NO;
				ENABLE_STRICT_OBJC_MSGSEND = YES;
				GCC_C_LANGUAGE_STANDARD = gnu11;
				GCC_NO_COMMON_BLOCKS = YES;
				GCC_WARN_64_TO_32_BIT_CONVERSION = YES;
				GCC_WARN_ABOUT_RETURN_TYPE = YES_ERROR;
				GCC_WARN_UNDECLARED_SELECTOR = YES;
				GCC_WARN_UNINITIALIZED_AUTOS = YES_AGGRESSIVE;
				GCC_WARN_UNUSED_FUNCTION = YES;
				GCC_WARN_UNUSED_VARIABLE = YES;
				IPHONEOS_DEPLOYMENT_TARGET = 15.5;
				MTL_ENABLE_DEBUG_INFO = NO;
				MTL_FAST_MATH = YES;
				SDKROOT = iphoneos;
				SWIFT_COMPILATION_MODE = wholemodule;
				SWIFT_OPTIMIZATION_LEVEL = "-O";
				VALIDATE_PRODUCT = YES;
			};
			name = Release;
		};
		8CE6C0BF283D634A0037BB6E /* Debug */ = {
			isa = XCBuildConfiguration;
			buildSettings = {
				ASSETCATALOG_COMPILER_APPICON_NAME = AppIcon;
				ASSETCATALOG_COMPILER_GLOBAL_ACCENT_COLOR_NAME = AccentColor;
				CODE_SIGN_STYLE = Automatic;
				CURRENT_PROJECT_VERSION = 1;
				DEVELOPMENT_ASSET_PATHS = "";
				DEVELOPMENT_TEAM = 6P46HLU94P;
				ENABLE_PREVIEWS = YES;
				GENERATE_INFOPLIST_FILE = YES;
				INFOPLIST_KEY_UIApplicationSceneManifest_Generation = YES;
				INFOPLIST_KEY_UIApplicationSupportsIndirectInputEvents = YES;
				INFOPLIST_KEY_UILaunchScreen_Generation = YES;
				INFOPLIST_KEY_UISupportedInterfaceOrientations_iPad = "UIInterfaceOrientationPortrait UIInterfaceOrientationPortraitUpsideDown UIInterfaceOrientationLandscapeLeft UIInterfaceOrientationLandscapeRight";
				INFOPLIST_KEY_UISupportedInterfaceOrientations_iPhone = "UIInterfaceOrientationPortrait UIInterfaceOrientationLandscapeLeft UIInterfaceOrientationLandscapeRight";
				IPHONEOS_DEPLOYMENT_TARGET = 15.5;
				LD_RUNPATH_SEARCH_PATHS = (
					"$(inherited)",
					"@executable_path/Frameworks",
				);
				MARKETING_VERSION = 1.0;
				PRODUCT_BUNDLE_IDENTIFIER = com.bb.SwimPal;
				PRODUCT_NAME = "$(TARGET_NAME)";
				SWIFT_EMIT_LOC_STRINGS = YES;
				SWIFT_VERSION = 5.0;
				TARGETED_DEVICE_FAMILY = "1,2";
			};
			name = Debug;
		};
		8CE6C0C0283D634A0037BB6E /* Release */ = {
			isa = XCBuildConfiguration;
			buildSettings = {
				ASSETCATALOG_COMPILER_APPICON_NAME = AppIcon;
				ASSETCATALOG_COMPILER_GLOBAL_ACCENT_COLOR_NAME = AccentColor;
				CODE_SIGN_STYLE = Automatic;
				CURRENT_PROJECT_VERSION = 1;
				DEVELOPMENT_ASSET_PATHS = "";
				DEVELOPMENT_TEAM = 6P46HLU94P;
				ENABLE_PREVIEWS = YES;
				GENERATE_INFOPLIST_FILE = YES;
				INFOPLIST_KEY_UIApplicationSceneManifest_Generation = YES;
				INFOPLIST_KEY_UIApplicationSupportsIndirectInputEvents = YES;
				INFOPLIST_KEY_UILaunchScreen_Generation = YES;
				INFOPLIST_KEY_UISupportedInterfaceOrientations_iPad = "UIInterfaceOrientationPortrait UIInterfaceOrientationPortraitUpsideDown UIInterfaceOrientationLandscapeLeft UIInterfaceOrientationLandscapeRight";
				INFOPLIST_KEY_UISupportedInterfaceOrientations_iPhone = "UIInterfaceOrientationPortrait UIInterfaceOrientationLandscapeLeft UIInterfaceOrientationLandscapeRight";
				IPHONEOS_DEPLOYMENT_TARGET = 15.5;
				LD_RUNPATH_SEARCH_PATHS = (
					"$(inherited)",
					"@executable_path/Frameworks",
				);
				MARKETING_VERSION = 1.0;
				PRODUCT_BUNDLE_IDENTIFIER = com.bb.SwimPal;
				PRODUCT_NAME = "$(TARGET_NAME)";
				SWIFT_EMIT_LOC_STRINGS = YES;
				SWIFT_VERSION = 5.0;
				TARGETED_DEVICE_FAMILY = "1,2";
			};
			name = Release;
		};
/* End XCBuildConfiguration section */

/* Begin XCConfigurationList section */
		8CE6C0AB283D63480037BB6E /* Build configuration list for PBXProject "SwimPal" */ = {
			isa = XCConfigurationList;
			buildConfigurations = (
				8CE6C0BC283D634A0037BB6E /* Debug */,
				8CE6C0BD283D634A0037BB6E /* Release */,
			);
			defaultConfigurationIsVisible = 0;
			defaultConfigurationName = Release;
		};
		8CE6C0BE283D634A0037BB6E /* Build configuration list for PBXNativeTarget "SwimPal" */ = {
			isa = XCConfigurationList;
			buildConfigurations = (
				8CE6C0BF283D634A0037BB6E /* Debug */,
				8CE6C0C0283D634A0037BB6E /* Release */,
			);
			defaultConfigurationIsVisible = 0;
			defaultConfigurationName = Release;
		};
/* End XCConfigurationList section */
	};
	rootObject = 8CE6C0A8283D63480037BB6E /* Project object */;
}
